// !$*UTF8*$!
{
	archiveVersion = 1;
	classes = {
	};
	objectVersion = 56;
	objects = {

/* Begin PBXBuildFile section */
		DA3368E92B3333D900407E46 /* Heebo-ExtraLight.ttf in Resources */ = {isa = PBXBuildFile; fileRef = DA3368E02B3333D900407E46 /* Heebo-ExtraLight.ttf */; };
		DA3368EA2B3333D900407E46 /* Heebo-Medium.ttf in Resources */ = {isa = PBXBuildFile; fileRef = DA3368E12B3333D900407E46 /* Heebo-Medium.ttf */; };
		DA3368EB2B3333D900407E46 /* Heebo-Regular.ttf in Resources */ = {isa = PBXBuildFile; fileRef = DA3368E22B3333D900407E46 /* Heebo-Regular.ttf */; };
		DA3368EC2B3333D900407E46 /* Heebo-Thin.ttf in Resources */ = {isa = PBXBuildFile; fileRef = DA3368E32B3333D900407E46 /* Heebo-Thin.ttf */; };
		DA3368ED2B3333D900407E46 /* Heebo-Black.ttf in Resources */ = {isa = PBXBuildFile; fileRef = DA3368E42B3333D900407E46 /* Heebo-Black.ttf */; };
		DA3368EE2B3333D900407E46 /* Heebo-Light.ttf in Resources */ = {isa = PBXBuildFile; fileRef = DA3368E52B3333D900407E46 /* Heebo-Light.ttf */; };
		DA3368EF2B3333D900407E46 /* Heebo-SemiBold.ttf in Resources */ = {isa = PBXBuildFile; fileRef = DA3368E62B3333D900407E46 /* Heebo-SemiBold.ttf */; };
		DA3368F02B3333D900407E46 /* Heebo-Bold.ttf in Resources */ = {isa = PBXBuildFile; fileRef = DA3368E72B3333D900407E46 /* Heebo-Bold.ttf */; };
		DA3368F12B3333D900407E46 /* Heebo-ExtraBold.ttf in Resources */ = {isa = PBXBuildFile; fileRef = DA3368E82B3333D900407E46 /* Heebo-ExtraBold.ttf */; };
		DA3368F32B3334D000407E46 /* Fonts.swift in Sources */ = {isa = PBXBuildFile; fileRef = DA3368F22B3334D000407E46 /* Fonts.swift */; };
		DA3368F62B33370300407E46 /* SignInViewController.swift in Sources */ = {isa = PBXBuildFile; fileRef = DA3368F52B33370300407E46 /* SignInViewController.swift */; };
		DA3368FA2B334F5D00407E46 /* UIViewController.swift in Sources */ = {isa = PBXBuildFile; fileRef = DA3368F92B334F5D00407E46 /* UIViewController.swift */; };
		DAC4836C2B32C13500718D9A /* AppDelegate.swift in Sources */ = {isa = PBXBuildFile; fileRef = DAC4836B2B32C13500718D9A /* AppDelegate.swift */; };
		DAC483702B32C13500718D9A /* MainViewController.swift in Sources */ = {isa = PBXBuildFile; fileRef = DAC4836F2B32C13500718D9A /* MainViewController.swift */; };
		DAC483752B32C13700718D9A /* Assets.xcassets in Resources */ = {isa = PBXBuildFile; fileRef = DAC483742B32C13700718D9A /* Assets.xcassets */; };
		DAC483782B32C13700718D9A /* LaunchScreen.storyboard in Resources */ = {isa = PBXBuildFile; fileRef = DAC483762B32C13700718D9A /* LaunchScreen.storyboard */; };
		DAC483812B32C20F00718D9A /* AppColors.swift in Sources */ = {isa = PBXBuildFile; fileRef = DAC483802B32C20F00718D9A /* AppColors.swift */; };
		DAC483872B32C5DD00718D9A /* OnBoardingMainViewController.swift in Sources */ = {isa = PBXBuildFile; fileRef = DAC483862B32C5DD00718D9A /* OnBoardingMainViewController.swift */; };
		DAC483892B32C60800718D9A /* OnBoardingViewController.swift in Sources */ = {isa = PBXBuildFile; fileRef = DAC483882B32C60800718D9A /* OnBoardingViewController.swift */; };
		DAC4838B2B3303CE00718D9A /* PageControl.swift in Sources */ = {isa = PBXBuildFile; fileRef = DAC4838A2B3303CE00718D9A /* PageControl.swift */; };
/* End PBXBuildFile section */

/* Begin PBXFileReference section */
		DA3368E02B3333D900407E46 /* Heebo-ExtraLight.ttf */ = {isa = PBXFileReference; lastKnownFileType = file; path = "Heebo-ExtraLight.ttf"; sourceTree = "<group>"; };
		DA3368E12B3333D900407E46 /* Heebo-Medium.ttf */ = {isa = PBXFileReference; lastKnownFileType = file; path = "Heebo-Medium.ttf"; sourceTree = "<group>"; };
		DA3368E22B3333D900407E46 /* Heebo-Regular.ttf */ = {isa = PBXFileReference; lastKnownFileType = file; path = "Heebo-Regular.ttf"; sourceTree = "<group>"; };
		DA3368E32B3333D900407E46 /* Heebo-Thin.ttf */ = {isa = PBXFileReference; lastKnownFileType = file; path = "Heebo-Thin.ttf"; sourceTree = "<group>"; };
		DA3368E42B3333D900407E46 /* Heebo-Black.ttf */ = {isa = PBXFileReference; lastKnownFileType = file; path = "Heebo-Black.ttf"; sourceTree = "<group>"; };
		DA3368E52B3333D900407E46 /* Heebo-Light.ttf */ = {isa = PBXFileReference; lastKnownFileType = file; path = "Heebo-Light.ttf"; sourceTree = "<group>"; };
		DA3368E62B3333D900407E46 /* Heebo-SemiBold.ttf */ = {isa = PBXFileReference; lastKnownFileType = file; path = "Heebo-SemiBold.ttf"; sourceTree = "<group>"; };
		DA3368E72B3333D900407E46 /* Heebo-Bold.ttf */ = {isa = PBXFileReference; lastKnownFileType = file; path = "Heebo-Bold.ttf"; sourceTree = "<group>"; };
		DA3368E82B3333D900407E46 /* Heebo-ExtraBold.ttf */ = {isa = PBXFileReference; lastKnownFileType = file; path = "Heebo-ExtraBold.ttf"; sourceTree = "<group>"; };
		DA3368F22B3334D000407E46 /* Fonts.swift */ = {isa = PBXFileReference; lastKnownFileType = sourcecode.swift; path = Fonts.swift; sourceTree = "<group>"; };
		DA3368F52B33370300407E46 /* SignInViewController.swift */ = {isa = PBXFileReference; lastKnownFileType = sourcecode.swift; path = SignInViewController.swift; sourceTree = "<group>"; };
		DA3368F92B334F5D00407E46 /* UIViewController.swift */ = {isa = PBXFileReference; lastKnownFileType = sourcecode.swift; path = UIViewController.swift; sourceTree = "<group>"; };
		DAC483682B32C13500718D9A /* YouDrive.app */ = {isa = PBXFileReference; explicitFileType = wrapper.application; includeInIndex = 0; path = YouDrive.app; sourceTree = BUILT_PRODUCTS_DIR; };
		DAC4836B2B32C13500718D9A /* AppDelegate.swift */ = {isa = PBXFileReference; lastKnownFileType = sourcecode.swift; path = AppDelegate.swift; sourceTree = "<group>"; };
		DAC4836F2B32C13500718D9A /* MainViewController.swift */ = {isa = PBXFileReference; lastKnownFileType = sourcecode.swift; path = MainViewController.swift; sourceTree = "<group>"; };
		DAC483742B32C13700718D9A /* Assets.xcassets */ = {isa = PBXFileReference; lastKnownFileType = folder.assetcatalog; path = Assets.xcassets; sourceTree = "<group>"; };
		DAC483772B32C13700718D9A /* Base */ = {isa = PBXFileReference; lastKnownFileType = file.storyboard; name = Base; path = Base.lproj/LaunchScreen.storyboard; sourceTree = "<group>"; };
		DAC483792B32C13700718D9A /* Info.plist */ = {isa = PBXFileReference; lastKnownFileType = text.plist.xml; path = Info.plist; sourceTree = "<group>"; };
		DAC483802B32C20F00718D9A /* AppColors.swift */ = {isa = PBXFileReference; lastKnownFileType = sourcecode.swift; path = AppColors.swift; sourceTree = "<group>"; };
		DAC483862B32C5DD00718D9A /* OnBoardingMainViewController.swift */ = {isa = PBXFileReference; lastKnownFileType = sourcecode.swift; path = OnBoardingMainViewController.swift; sourceTree = "<group>"; };
		DAC483882B32C60800718D9A /* OnBoardingViewController.swift */ = {isa = PBXFileReference; lastKnownFileType = sourcecode.swift; path = OnBoardingViewController.swift; sourceTree = "<group>"; };
		DAC4838A2B3303CE00718D9A /* PageControl.swift */ = {isa = PBXFileReference; lastKnownFileType = sourcecode.swift; path = PageControl.swift; sourceTree = "<group>"; };
/* End PBXFileReference section */

/* Begin PBXFrameworksBuildPhase section */
		DAC483652B32C13500718D9A /* Frameworks */ = {
			isa = PBXFrameworksBuildPhase;
			buildActionMask = 2147483647;
			files = (
			);
			runOnlyForDeploymentPostprocessing = 0;
		};
/* End PBXFrameworksBuildPhase section */

/* Begin PBXGroup section */
		DA3368DF2B3333C900407E46 /* Fonts */ = {
			isa = PBXGroup;
			children = (
				DA3368E42B3333D900407E46 /* Heebo-Black.ttf */,
				DA3368E72B3333D900407E46 /* Heebo-Bold.ttf */,
				DA3368E82B3333D900407E46 /* Heebo-ExtraBold.ttf */,
				DA3368E02B3333D900407E46 /* Heebo-ExtraLight.ttf */,
				DA3368E52B3333D900407E46 /* Heebo-Light.ttf */,
				DA3368E12B3333D900407E46 /* Heebo-Medium.ttf */,
				DA3368E22B3333D900407E46 /* Heebo-Regular.ttf */,
				DA3368E62B3333D900407E46 /* Heebo-SemiBold.ttf */,
				DA3368E32B3333D900407E46 /* Heebo-Thin.ttf */,
			);
			path = Fonts;
			sourceTree = "<group>";
		};
		DA3368F42B3336E100407E46 /* SignIn */ = {
			isa = PBXGroup;
			children = (
				DA3368F52B33370300407E46 /* SignInViewController.swift */,
			);
			path = SignIn;
			sourceTree = "<group>";
		};
		DAC4835F2B32C13500718D9A = {
			isa = PBXGroup;
			children = (
				DAC4836A2B32C13500718D9A /* YouDrive */,
				DAC483692B32C13500718D9A /* Products */,
			);
			sourceTree = "<group>";
		};
		DAC483692B32C13500718D9A /* Products */ = {
			isa = PBXGroup;
			children = (
				DAC483682B32C13500718D9A /* YouDrive.app */,
			);
			name = Products;
			sourceTree = "<group>";
		};
		DAC4836A2B32C13500718D9A /* YouDrive */ = {
			isa = PBXGroup;
			children = (
				DA3368DF2B3333C900407E46 /* Fonts */,
				DAC483822B32C31800718D9A /* ViewControllers */,
				DAC4837F2B32C1FF00718D9A /* Extensions */,
				DAC4836B2B32C13500718D9A /* AppDelegate.swift */,
				DAC483742B32C13700718D9A /* Assets.xcassets */,
				DAC483762B32C13700718D9A /* LaunchScreen.storyboard */,
				DAC483792B32C13700718D9A /* Info.plist */,
			);
			path = YouDrive;
			sourceTree = "<group>";
		};
		DAC4837F2B32C1FF00718D9A /* Extensions */ = {
			isa = PBXGroup;
			children = (
				DAC483802B32C20F00718D9A /* AppColors.swift */,
				DA3368F22B3334D000407E46 /* Fonts.swift */,
				DA3368F92B334F5D00407E46 /* UIViewController.swift */,
			);
			path = Extensions;
			sourceTree = "<group>";
		};
		DAC483822B32C31800718D9A /* ViewControllers */ = {
			isa = PBXGroup;
			children = (
				DA3368F42B3336E100407E46 /* SignIn */,
				DAC483832B32C55D00718D9A /* OnBoarding */,
				DAC4836F2B32C13500718D9A /* MainViewController.swift */,
			);
			path = ViewControllers;
			sourceTree = "<group>";
		};
		DAC483832B32C55D00718D9A /* OnBoarding */ = {
			isa = PBXGroup;
			children = (
				DAC483862B32C5DD00718D9A /* OnBoardingMainViewController.swift */,
				DAC483882B32C60800718D9A /* OnBoardingViewController.swift */,
				DAC4838A2B3303CE00718D9A /* PageControl.swift */,
			);
			path = OnBoarding;
			sourceTree = "<group>";
		};
/* End PBXGroup section */

/* Begin PBXNativeTarget section */
		DAC483672B32C13500718D9A /* YouDrive */ = {
			isa = PBXNativeTarget;
			buildConfigurationList = DAC4837C2B32C13700718D9A /* Build configuration list for PBXNativeTarget "YouDrive" */;
			buildPhases = (
				DAC483642B32C13500718D9A /* Sources */,
				DAC483652B32C13500718D9A /* Frameworks */,
				DAC483662B32C13500718D9A /* Resources */,
			);
			buildRules = (
			);
			dependencies = (
			);
			name = YouDrive;
			productName = YouDrive;
			productReference = DAC483682B32C13500718D9A /* YouDrive.app */;
			productType = "com.apple.product-type.application";
		};
/* End PBXNativeTarget section */

/* Begin PBXProject section */
		DAC483602B32C13500718D9A /* Project object */ = {
			isa = PBXProject;
			attributes = {
				BuildIndependentTargetsInParallel = 1;
				LastSwiftUpdateCheck = 1500;
				LastUpgradeCheck = 1500;
				TargetAttributes = {
					DAC483672B32C13500718D9A = {
						CreatedOnToolsVersion = 15.0.1;
					};
				};
			};
			buildConfigurationList = DAC483632B32C13500718D9A /* Build configuration list for PBXProject "YouDrive" */;
			compatibilityVersion = "Xcode 14.0";
			developmentRegion = en;
			hasScannedForEncodings = 0;
			knownRegions = (
				en,
				Base,
			);
			mainGroup = DAC4835F2B32C13500718D9A;
			productRefGroup = DAC483692B32C13500718D9A /* Products */;
			projectDirPath = "";
			projectRoot = "";
			targets = (
				DAC483672B32C13500718D9A /* YouDrive */,
			);
		};
/* End PBXProject section */

/* Begin PBXResourcesBuildPhase section */
		DAC483662B32C13500718D9A /* Resources */ = {
			isa = PBXResourcesBuildPhase;
			buildActionMask = 2147483647;
			files = (
				DA3368EB2B3333D900407E46 /* Heebo-Regular.ttf in Resources */,
				DA3368E92B3333D900407E46 /* Heebo-ExtraLight.ttf in Resources */,
				DA3368ED2B3333D900407E46 /* Heebo-Black.ttf in Resources */,
				DA3368F12B3333D900407E46 /* Heebo-ExtraBold.ttf in Resources */,
				DA3368EE2B3333D900407E46 /* Heebo-Light.ttf in Resources */,
				DA3368EF2B3333D900407E46 /* Heebo-SemiBold.ttf in Resources */,
				DA3368EA2B3333D900407E46 /* Heebo-Medium.ttf in Resources */,
				DAC483782B32C13700718D9A /* LaunchScreen.storyboard in Resources */,
				DA3368F02B3333D900407E46 /* Heebo-Bold.ttf in Resources */,
				DAC483752B32C13700718D9A /* Assets.xcassets in Resources */,
				DA3368EC2B3333D900407E46 /* Heebo-Thin.ttf in Resources */,
			);
			runOnlyForDeploymentPostprocessing = 0;
		};
/* End PBXResourcesBuildPhase section */

/* Begin PBXSourcesBuildPhase section */
		DAC483642B32C13500718D9A /* Sources */ = {
			isa = PBXSourcesBuildPhase;
			buildActionMask = 2147483647;
			files = (
				DA3368F32B3334D000407E46 /* Fonts.swift in Sources */,
				DAC483872B32C5DD00718D9A /* OnBoardingMainViewController.swift in Sources */,
				DAC483812B32C20F00718D9A /* AppColors.swift in Sources */,
				DA3368FA2B334F5D00407E46 /* UIViewController.swift in Sources */,
				DAC4838B2B3303CE00718D9A /* PageControl.swift in Sources */,
				DA3368F62B33370300407E46 /* SignInViewController.swift in Sources */,
				DAC483702B32C13500718D9A /* MainViewController.swift in Sources */,
				DAC4836C2B32C13500718D9A /* AppDelegate.swift in Sources */,
				DAC483892B32C60800718D9A /* OnBoardingViewController.swift in Sources */,
			);
			runOnlyForDeploymentPostprocessing = 0;
		};
/* End PBXSourcesBuildPhase section */

/* Begin PBXVariantGroup section */
		DAC483762B32C13700718D9A /* LaunchScreen.storyboard */ = {
			isa = PBXVariantGroup;
			children = (
				DAC483772B32C13700718D9A /* Base */,
			);
			name = LaunchScreen.storyboard;
			sourceTree = "<group>";
		};
/* End PBXVariantGroup section */

/* Begin XCBuildConfiguration section */
		DAC4837A2B32C13700718D9A /* Debug */ = {
			isa = XCBuildConfiguration;
			buildSettings = {
				ALWAYS_SEARCH_USER_PATHS = NO;
				ASSETCATALOG_COMPILER_GENERATE_SWIFT_ASSET_SYMBOL_EXTENSIONS = YES;
				CLANG_ANALYZER_NONNULL = YES;
				CLANG_ANALYZER_NUMBER_OBJECT_CONVERSION = YES_AGGRESSIVE;
				CLANG_CXX_LANGUAGE_STANDARD = "gnu++20";
				CLANG_ENABLE_MODULES = YES;
				CLANG_ENABLE_OBJC_ARC = YES;
				CLANG_ENABLE_OBJC_WEAK = YES;
				CLANG_WARN_BLOCK_CAPTURE_AUTORELEASING = YES;
				CLANG_WARN_BOOL_CONVERSION = YES;
				CLANG_WARN_COMMA = YES;
				CLANG_WARN_CONSTANT_CONVERSION = YES;
				CLANG_WARN_DEPRECATED_OBJC_IMPLEMENTATIONS = YES;
				CLANG_WARN_DIRECT_OBJC_ISA_USAGE = YES_ERROR;
				CLANG_WARN_DOCUMENTATION_COMMENTS = YES;
				CLANG_WARN_EMPTY_BODY = YES;
				CLANG_WARN_ENUM_CONVERSION = YES;
				CLANG_WARN_INFINITE_RECURSION = YES;
				CLANG_WARN_INT_CONVERSION = YES;
				CLANG_WARN_NON_LITERAL_NULL_CONVERSION = YES;
				CLANG_WARN_OBJC_IMPLICIT_RETAIN_SELF = YES;
				CLANG_WARN_OBJC_LITERAL_CONVERSION = YES;
				CLANG_WARN_OBJC_ROOT_CLASS = YES_ERROR;
				CLANG_WARN_QUOTED_INCLUDE_IN_FRAMEWORK_HEADER = YES;
				CLANG_WARN_RANGE_LOOP_ANALYSIS = YES;
				CLANG_WARN_STRICT_PROTOTYPES = YES;
				CLANG_WARN_SUSPICIOUS_MOVE = YES;
				CLANG_WARN_UNGUARDED_AVAILABILITY = YES_AGGRESSIVE;
				CLANG_WARN_UNREACHABLE_CODE = YES;
				CLANG_WARN__DUPLICATE_METHOD_MATCH = YES;
				COPY_PHASE_STRIP = NO;
				DEBUG_INFORMATION_FORMAT = dwarf;
				ENABLE_STRICT_OBJC_MSGSEND = YES;
				ENABLE_TESTABILITY = YES;
				ENABLE_USER_SCRIPT_SANDBOXING = YES;
				GCC_C_LANGUAGE_STANDARD = gnu17;
				GCC_DYNAMIC_NO_PIC = NO;
				GCC_NO_COMMON_BLOCKS = YES;
				GCC_OPTIMIZATION_LEVEL = 0;
				GCC_PREPROCESSOR_DEFINITIONS = (
					"DEBUG=1",
					"$(inherited)",
				);
				GCC_WARN_64_TO_32_BIT_CONVERSION = YES;
				GCC_WARN_ABOUT_RETURN_TYPE = YES_ERROR;
				GCC_WARN_UNDECLARED_SELECTOR = YES;
				GCC_WARN_UNINITIALIZED_AUTOS = YES_AGGRESSIVE;
				GCC_WARN_UNUSED_FUNCTION = YES;
				GCC_WARN_UNUSED_VARIABLE = YES;
				IPHONEOS_DEPLOYMENT_TARGET = 17.0;
				LOCALIZATION_PREFERS_STRING_CATALOGS = YES;
				MTL_ENABLE_DEBUG_INFO = INCLUDE_SOURCE;
				MTL_FAST_MATH = YES;
				ONLY_ACTIVE_ARCH = YES;
				SDKROOT = iphoneos;
				SWIFT_ACTIVE_COMPILATION_CONDITIONS = "DEBUG $(inherited)";
				SWIFT_OPTIMIZATION_LEVEL = "-Onone";
			};
			name = Debug;
		};
		DAC4837B2B32C13700718D9A /* Release */ = {
			isa = XCBuildConfiguration;
			buildSettings = {
				ALWAYS_SEARCH_USER_PATHS = NO;
				ASSETCATALOG_COMPILER_GENERATE_SWIFT_ASSET_SYMBOL_EXTENSIONS = YES;
				CLANG_ANALYZER_NONNULL = YES;
				CLANG_ANALYZER_NUMBER_OBJECT_CONVERSION = YES_AGGRESSIVE;
				CLANG_CXX_LANGUAGE_STANDARD = "gnu++20";
				CLANG_ENABLE_MODULES = YES;
				CLANG_ENABLE_OBJC_ARC = YES;
				CLANG_ENABLE_OBJC_WEAK = YES;
				CLANG_WARN_BLOCK_CAPTURE_AUTORELEASING = YES;
				CLANG_WARN_BOOL_CONVERSION = YES;
				CLANG_WARN_COMMA = YES;
				CLANG_WARN_CONSTANT_CONVERSION = YES;
				CLANG_WARN_DEPRECATED_OBJC_IMPLEMENTATIONS = YES;
				CLANG_WARN_DIRECT_OBJC_ISA_USAGE = YES_ERROR;
				CLANG_WARN_DOCUMENTATION_COMMENTS = YES;
				CLANG_WARN_EMPTY_BODY = YES;
				CLANG_WARN_ENUM_CONVERSION = YES;
				CLANG_WARN_INFINITE_RECURSION = YES;
				CLANG_WARN_INT_CONVERSION = YES;
				CLANG_WARN_NON_LITERAL_NULL_CONVERSION = YES;
				CLANG_WARN_OBJC_IMPLICIT_RETAIN_SELF = YES;
				CLANG_WARN_OBJC_LITERAL_CONVERSION = YES;
				CLANG_WARN_OBJC_ROOT_CLASS = YES_ERROR;
				CLANG_WARN_QUOTED_INCLUDE_IN_FRAMEWORK_HEADER = YES;
				CLANG_WARN_RANGE_LOOP_ANALYSIS = YES;
				CLANG_WARN_STRICT_PROTOTYPES = YES;
				CLANG_WARN_SUSPICIOUS_MOVE = YES;
				CLANG_WARN_UNGUARDED_AVAILABILITY = YES_AGGRESSIVE;
				CLANG_WARN_UNREACHABLE_CODE = YES;
				CLANG_WARN__DUPLICATE_METHOD_MATCH = YES;
				COPY_PHASE_STRIP = NO;
				DEBUG_INFORMATION_FORMAT = "dwarf-with-dsym";
				ENABLE_NS_ASSERTIONS = NO;
				ENABLE_STRICT_OBJC_MSGSEND = YES;
				ENABLE_USER_SCRIPT_SANDBOXING = YES;
				GCC_C_LANGUAGE_STANDARD = gnu17;
				GCC_NO_COMMON_BLOCKS = YES;
				GCC_WARN_64_TO_32_BIT_CONVERSION = YES;
				GCC_WARN_ABOUT_RETURN_TYPE = YES_ERROR;
				GCC_WARN_UNDECLARED_SELECTOR = YES;
				GCC_WARN_UNINITIALIZED_AUTOS = YES_AGGRESSIVE;
				GCC_WARN_UNUSED_FUNCTION = YES;
				GCC_WARN_UNUSED_VARIABLE = YES;
				IPHONEOS_DEPLOYMENT_TARGET = 17.0;
				LOCALIZATION_PREFERS_STRING_CATALOGS = YES;
				MTL_ENABLE_DEBUG_INFO = NO;
				MTL_FAST_MATH = YES;
				SDKROOT = iphoneos;
				SWIFT_COMPILATION_MODE = wholemodule;
				VALIDATE_PRODUCT = YES;
			};
			name = Release;
		};
		DAC4837D2B32C13700718D9A /* Debug */ = {
			isa = XCBuildConfiguration;
			buildSettings = {
				ASSETCATALOG_COMPILER_APPICON_NAME = AppIcon;
				ASSETCATALOG_COMPILER_GLOBAL_ACCENT_COLOR_NAME = AccentColor;
				CODE_SIGN_STYLE = Automatic;
				CURRENT_PROJECT_VERSION = 1;
				DEVELOPMENT_TEAM = 63VV5L9HD7;
				GENERATE_INFOPLIST_FILE = YES;
				INFOPLIST_FILE = YouDrive/Info.plist;
				INFOPLIST_KEY_UIApplicationSupportsIndirectInputEvents = YES;
				INFOPLIST_KEY_UILaunchStoryboardName = LaunchScreen;
				INFOPLIST_KEY_UIMainStoryboardFile = "";
				INFOPLIST_KEY_UISupportedInterfaceOrientations_iPad = "UIInterfaceOrientationPortrait UIInterfaceOrientationPortraitUpsideDown UIInterfaceOrientationLandscapeLeft UIInterfaceOrientationLandscapeRight";
				INFOPLIST_KEY_UISupportedInterfaceOrientations_iPhone = "UIInterfaceOrientationPortrait UIInterfaceOrientationLandscapeLeft UIInterfaceOrientationLandscapeRight";
				IPHONEOS_DEPLOYMENT_TARGET = 15.0;
				LD_RUNPATH_SEARCH_PATHS = (
					"$(inherited)",
					"@executable_path/Frameworks",
				);
				MARKETING_VERSION = 1.0;
				PRODUCT_BUNDLE_IDENTIFIER = com.sangam.YouDrive;
				PRODUCT_NAME = "$(TARGET_NAME)";
				SUPPORTED_PLATFORMS = "iphoneos iphonesimulator";
				SUPPORTS_MACCATALYST = NO;
				SUPPORTS_MAC_DESIGNED_FOR_IPHONE_IPAD = NO;
				SWIFT_EMIT_LOC_STRINGS = YES;
				SWIFT_VERSION = 5.0;
				TARGETED_DEVICE_FAMILY = 1;
			};
			name = Debug;
		};
		DAC4837E2B32C13700718D9A /* Release */ = {
			isa = XCBuildConfiguration;
			buildSettings = {
				ASSETCATALOG_COMPILER_APPICON_NAME = AppIcon;
				ASSETCATALOG_COMPILER_GLOBAL_ACCENT_COLOR_NAME = AccentColor;
				CODE_SIGN_STYLE = Automatic;
				CURRENT_PROJECT_VERSION = 1;
				DEVELOPMENT_TEAM = 63VV5L9HD7;
				GENERATE_INFOPLIST_FILE = YES;
				INFOPLIST_FILE = YouDrive/Info.plist;
				INFOPLIST_KEY_UIApplicationSupportsIndirectInputEvents = YES;
				INFOPLIST_KEY_UILaunchStoryboardName = LaunchScreen;
				INFOPLIST_KEY_UIMainStoryboardFile = "";
				INFOPLIST_KEY_UISupportedInterfaceOrientations_iPad = "UIInterfaceOrientationPortrait UIInterfaceOrientationPortraitUpsideDown UIInterfaceOrientationLandscapeLeft UIInterfaceOrientationLandscapeRight";
				INFOPLIST_KEY_UISupportedInterfaceOrientations_iPhone = "UIInterfaceOrientationPortrait UIInterfaceOrientationLandscapeLeft UIInterfaceOrientationLandscapeRight";
				IPHONEOS_DEPLOYMENT_TARGET = 15.0;
				LD_RUNPATH_SEARCH_PATHS = (
					"$(inherited)",
					"@executable_path/Frameworks",
				);
				MARKETING_VERSION = 1.0;
				PRODUCT_BUNDLE_IDENTIFIER = com.sangam.YouDrive;
				PRODUCT_NAME = "$(TARGET_NAME)";
				SUPPORTED_PLATFORMS = "iphoneos iphonesimulator";
				SUPPORTS_MACCATALYST = NO;
				SUPPORTS_MAC_DESIGNED_FOR_IPHONE_IPAD = NO;
				SWIFT_EMIT_LOC_STRINGS = YES;
				SWIFT_VERSION = 5.0;
				TARGETED_DEVICE_FAMILY = 1;
			};
			name = Release;
		};
/* End XCBuildConfiguration section */

/* Begin XCConfigurationList section */
		DAC483632B32C13500718D9A /* Build configuration list for PBXProject "YouDrive" */ = {
			isa = XCConfigurationList;
			buildConfigurations = (
				DAC4837A2B32C13700718D9A /* Debug */,
				DAC4837B2B32C13700718D9A /* Release */,
			);
			defaultConfigurationIsVisible = 0;
			defaultConfigurationName = Release;
		};
		DAC4837C2B32C13700718D9A /* Build configuration list for PBXNativeTarget "YouDrive" */ = {
			isa = XCConfigurationList;
			buildConfigurations = (
				DAC4837D2B32C13700718D9A /* Debug */,
				DAC4837E2B32C13700718D9A /* Release */,
			);
			defaultConfigurationIsVisible = 0;
			defaultConfigurationName = Release;
		};
/* End XCConfigurationList section */
	};
	rootObject = DAC483602B32C13500718D9A /* Project object */;
}
